{
  "name": "@chat-query/fun",
  "version": "0.0.0-development",
  "lockfileVersion": 3,
  "requires": true,
  "packages": {
    "": {
      "name": "@chat-query/fun",
      "version": "0.0.0-development",
      "license": "Apache-2.0",
      "dependencies": {
        "@tootallnate/once": "2.0.0",
        "async-listen": "1.2.0",
        "debug": "4.3.4",
        "execa": "3.2.0",
        "fs-extra": "8.1.0",
        "generic-pool": "3.4.2",
        "micro": "9.3.5-canary.3",
        "ms": "2.1.1",
        "node-fetch": "2.6.7",
        "path-match": "1.2.4",
        "promisepipe": "3.0.0",
        "semver": "7.5.4",
        "stat-mode": "0.3.0",
        "stream-to-promise": "2.2.0",
        "tar": "4.4.18",
        "tree-kill": "1.2.2",
        "uid-promise": "1.0.0",
        "xdg-app-paths": "5.1.0",
        "yauzl-promise": "2.1.3"
      },
      "devDependencies": {
        "@types/debug": "4.1.9",
        "@types/fs-extra": "8.1.0",
        "@types/generic-pool": "3.1.9",
        "@types/jest": "27.0.2",
        "@types/micro": "7.3.6",
        "@types/node": "10.12.29",
        "@types/node-fetch": "2.5.0",
        "@types/tar": "4.0.0",
        "@types/yauzl-promise": "2.1.0",
        "codecov": "3.7.1",
        "cpy-cli": "2.0.0",
        "jest": "27.3.1",
        "lint-staged": "9.2.5",
        "nyc": "14.1.1",
        "pkg": "4.3.7",
        "pre-commit": "1.2.2",
        "prettier": "1.15.3",
        "rimraf": "2.6.3",
        "source-map-support": "0.5.10",
        "ts-jest": "27.0.7",
        "typescript": "4.4.4"
      },
      "engines": {
        "node": ">= 10"
      }
    },
    "../../node_modules/.pnpm/@tootallnate+once@2.0.0/node_modules/@tootallnate/once": {
      "version": "2.0.0",
      "license": "MIT",
      "devDependencies": {
        "@types/jest": "^27.0.2",
        "@types/node": "^12.12.11",
        "abort-controller": "^3.0.0",
        "jest": "^27.2.1",
        "rimraf": "^3.0.0",
        "ts-jest": "^27.0.5",
        "typescript": "^4.4.3"
      },
      "engines": {
        "node": ">= 10"
      }
    },
    "../../node_modules/.pnpm/@types+debug@4.1.9/node_modules/@types/debug": {
      "version": "4.1.9",
      "dev": true,
      "license": "MIT",
      "dependencies": {
        "@types/ms": "*"
      }
    },
    "../../node_modules/.pnpm/@types+fs-extra@8.1.0/node_modules/@types/fs-extra": {
      "version": "8.1.0",
      "dev": true,
      "license": "MIT",
      "dependencies": {
        "@types/node": "*"
      }
    },
    "../../node_modules/.pnpm/@types+generic-pool@3.1.9/node_modules/@types/generic-pool": {
      "version": "3.1.9",
      "dev": true,
      "license": "MIT",
      "dependencies": {
        "@types/node": "*"
      }
    },
    "../../node_modules/.pnpm/@types+jest@27.0.2/node_modules/@types/jest": {
      "version": "27.0.2",
      "dev": true,
      "license": "MIT",
      "dependencies": {
        "jest-diff": "^27.0.0",
        "pretty-format": "^27.0.0"
      }
    },
    "../../node_modules/.pnpm/@types+micro@7.3.6/node_modules/@types/micro": {
      "version": "7.3.6",
      "dev": true,
      "license": "MIT",
      "dependencies": {
        "@types/node": "*",
        "@types/socket.io": "2.1.13"
      }
    },
    "../../node_modules/.pnpm/@types+node-fetch@2.5.0/node_modules/@types/node-fetch": {
      "version": "2.5.0",
      "dev": true,
      "license": "MIT",
      "dependencies": {
        "@types/node": "*"
      }
    },
    "../../node_modules/.pnpm/@types+node@10.12.29/node_modules/@types/node": {
      "version": "10.12.29",
      "dev": true,
      "license": "MIT"
    },
    "../../node_modules/.pnpm/@types+tar@4.0.0/node_modules/@types/tar": {
      "version": "4.0.0",
      "dev": true,
      "license": "MIT",
      "dependencies": {
        "@types/node": "*"
      }
    },
    "../../node_modules/.pnpm/@types+yauzl-promise@2.1.0/node_modules/@types/yauzl-promise": {
      "version": "2.1.0",
      "dev": true,
      "license": "MIT",
      "dependencies": {
        "@types/events": "*",
        "@types/node": "*",
        "@types/yauzl": "*"
      }
    },
    "../../node_modules/.pnpm/async-listen@1.2.0/node_modules/async-listen": {
      "version": "1.2.0",
      "license": "MIT",
      "devDependencies": {
        "@types/node": "10.12.21",
        "ava": "0.16.0",
        "typescript": "3.3.3"
      }
    },
    "../../node_modules/.pnpm/codecov@3.7.1_encoding@0.1.13/node_modules/codecov": {
      "version": "3.7.1",
      "dev": true,
      "license": "MIT",
      "dependencies": {
        "argv": "0.0.2",
        "ignore-walk": "3.0.3",
        "js-yaml": "3.13.1",
        "teeny-request": "6.0.1",
        "urlgrey": "0.4.4"
      },
      "bin": {
        "codecov": "bin/codecov"
      },
      "devDependencies": {
        "eslint": "^5.16.0",
        "eslint-config-prettier": "^4.1.0",
        "husky": "4.2.1",
        "jest": "^24.8.0",
        "lint-staged": "10.0.7",
        "mock-fs": "4.10.4",
        "prettier": "1.19.1"
      },
      "engines": {
        "node": ">=4.0"
      }
    },
    "../../node_modules/.pnpm/cpy-cli@2.0.0/node_modules/cpy-cli": {
      "version": "2.0.0",
      "dev": true,
      "license": "MIT",
      "dependencies": {
        "cpy": "^7.0.0",
        "meow": "^5.0.0"
      },
      "bin": {
        "cpy": "cli.js"
      },
      "devDependencies": {
        "ava": "*",
        "execa": "^0.10.0",
        "path-exists": "^3.0.0",
        "tempfile": "^2.0.0",
        "xo": "*"
      },
      "engines": {
        "node": ">=6"
      }
    },
    "../../node_modules/.pnpm/debug@4.3.4/node_modules/debug": {
      "version": "4.3.4",
      "license": "MIT",
      "dependencies": {
        "ms": "2.1.2"
      },
      "devDependencies": {
        "brfs": "^2.0.1",
        "browserify": "^16.2.3",
        "coveralls": "^3.0.2",
        "istanbul": "^0.4.5",
        "karma": "^3.1.4",
        "karma-browserify": "^6.0.0",
        "karma-chrome-launcher": "^2.2.0",
        "karma-mocha": "^1.3.0",
        "mocha": "^5.2.0",
        "mocha-lcov-reporter": "^1.2.0",
        "xo": "^0.23.0"
      },
      "engines": {
        "node": ">=6.0"
      },
      "peerDependenciesMeta": {
        "supports-color": {
          "optional": true
        }
      }
    },
    "../../node_modules/.pnpm/execa@3.2.0/node_modules/execa": {
      "version": "3.2.0",
      "license": "MIT",
      "dependencies": {
        "cross-spawn": "^7.0.0",
        "get-stream": "^5.0.0",
        "human-signals": "^1.1.1",
        "is-stream": "^2.0.0",
        "merge-stream": "^2.0.0",
        "npm-run-path": "^4.0.0",
        "onetime": "^5.1.0",
        "p-finally": "^2.0.0",
        "signal-exit": "^3.0.2",
        "strip-final-newline": "^2.0.0"
      },
      "devDependencies": {
        "@types/node": "^12.0.7",
        "ava": "^2.1.0",
        "coveralls": "^3.0.4",
        "get-node": "^5.0.0",
        "is-running": "^2.1.0",
        "nyc": "^14.1.1",
        "p-event": "^4.1.0",
        "tempfile": "^3.0.0",
        "tsd": "^0.7.3",
        "xo": "^0.24.0"
      },
      "engines": {
        "node": "^8.12.0 || >=9.7.0"
      }
    },
    "../../node_modules/.pnpm/fs-extra@8.1.0/node_modules/fs-extra": {
      "version": "8.1.0",
      "license": "MIT",
      "dependencies": {
        "graceful-fs": "^4.2.0",
        "jsonfile": "^4.0.0",
        "universalify": "^0.1.0"
      },
      "devDependencies": {
        "coveralls": "^3.0.0",
        "istanbul": "^0.4.5",
        "klaw": "^2.1.1",
        "klaw-sync": "^3.0.2",
        "minimist": "^1.1.1",
        "mocha": "^5.0.5",
        "proxyquire": "^2.0.1",
        "read-dir-files": "^0.1.1",
        "semver": "^5.3.0",
        "standard": "^12.0.1"
      },
      "engines": {
        "node": ">=6 <7 || >=8"
      }
    },
    "../../node_modules/.pnpm/generic-pool@3.4.2/node_modules/generic-pool": {
      "version": "3.4.2",
      "license": "MIT",
      "devDependencies": {
        "@types/node": "^8.5.1",
        "eslint": "^4.9.0",
        "eslint-config-prettier": "^2.6.0",
        "eslint-plugin-prettier": "^2.3.1",
        "eslint-plugin-promise": "^3.3.0",
        "prettier": "^1.7.4",
        "tap": "^8.0.0",
        "typescript": "^2.6.2"
      },
      "engines": {
        "node": ">= 4"
      }
    },
    "../../node_modules/.pnpm/jest@27.3.1_ts-node@10.9.2_@types+node@10.12.29_typescript@4.4.4_/node_modules/jest": {
      "version": "27.3.1",
      "dev": true,
      "license": "MIT",
      "dependencies": {
        "@jest/core": "^27.3.1",
        "import-local": "^3.0.2",
        "jest-cli": "^27.3.1"
      },
      "bin": {
        "jest": "bin/jest.js"
      },
      "engines": {
        "node": "^10.13.0 || ^12.13.0 || ^14.15.0 || >=15.0.0"
      },
      "peerDependencies": {
        "node-notifier": "^8.0.1 || ^9.0.0 || ^10.0.0"
      },
      "peerDependenciesMeta": {
        "node-notifier": {
          "optional": true
        }
      }
    },
    "../../node_modules/.pnpm/lint-staged@9.2.5/node_modules/lint-staged": {
      "version": "9.2.5",
      "dev": true,
      "license": "MIT",
      "dependencies": {
        "chalk": "^2.4.2",
        "commander": "^2.20.0",
        "cosmiconfig": "^5.2.1",
        "debug": "^4.1.1",
        "dedent": "^0.7.0",
        "del": "^5.0.0",
        "execa": "^2.0.3",
        "listr": "^0.14.3",
        "log-symbols": "^3.0.0",
        "micromatch": "^4.0.2",
        "normalize-path": "^3.0.0",
        "please-upgrade-node": "^3.1.1",
        "string-argv": "^0.3.0",
        "stringify-object": "^3.3.0"
      },
      "bin": {
        "lint-staged": "bin/lint-staged"
      },
      "devDependencies": {
        "@babel/core": "^7.5.5",
        "@babel/plugin-proposal-object-rest-spread": "^7.5.5",
        "@babel/preset-env": "^7.5.5",
        "babel-eslint": "^10.0.2",
        "babel-jest": "^24.8.0",
        "commitizen": "3.1.2",
        "consolemock": "^1.1.0",
        "cz-conventional-changelog": "2.1.0",
        "eslint": "^6.1.0",
        "eslint-config-okonet": "^7.0.2",
        "eslint-config-prettier": "^6.0.0",
        "eslint-plugin-flowtype": "^3.12.1",
        "eslint-plugin-import": "^2.18.2",
        "eslint-plugin-jsx-a11y": "^6.2.3",
        "eslint-plugin-node": "^9.1.0",
        "eslint-plugin-prettier": "^3.1.0",
        "eslint-plugin-react": "^7.14.2",
        "fs-extra": "^8.1.0",
        "husky": "^3.0.1",
        "jest": "^24.8.0",
        "jest-snapshot-serializer-ansi": "^1.0.0",
        "jsonlint": "^1.6.3",
        "prettier": "1.18.2",
        "tmp": "0.1.0"
      }
    },
    "../../node_modules/.pnpm/micro@9.3.5-canary.3/node_modules/micro": {
      "version": "9.3.5-canary.3",
      "license": "MIT",
      "dependencies": {
        "arg": "4.1.0",
        "content-type": "1.0.4",
        "raw-body": "2.4.1"
      },
      "bin": {
        "micro": "bin/micro.js"
      },
      "engines": {
        "node": ">= 8.0.0"
      }
    },
    "../../node_modules/.pnpm/ms@2.1.1/node_modules/ms": {
      "version": "2.1.1",
      "license": "MIT",
      "devDependencies": {
        "eslint": "4.12.1",
        "expect.js": "0.3.1",
        "husky": "0.14.3",
        "lint-staged": "5.0.0",
        "mocha": "4.0.1"
      }
    },
    "../../node_modules/.pnpm/node-fetch@2.6.7_encoding@0.1.13/node_modules/node-fetch": {
      "version": "2.6.7",
      "license": "MIT",
      "dependencies": {
        "whatwg-url": "^5.0.0"
      },
      "devDependencies": {
        "@ungap/url-search-params": "^0.1.2",
        "abort-controller": "^1.1.0",
        "abortcontroller-polyfill": "^1.3.0",
        "babel-core": "^6.26.3",
        "babel-plugin-istanbul": "^4.1.6",
        "babel-preset-env": "^1.6.1",
        "babel-register": "^6.16.3",
        "chai": "^3.5.0",
        "chai-as-promised": "^7.1.1",
        "chai-iterator": "^1.1.1",
        "chai-string": "~1.3.0",
        "codecov": "3.3.0",
        "cross-env": "^5.2.0",
        "form-data": "^2.3.3",
        "is-builtin-module": "^1.0.0",
        "mocha": "^5.0.0",
        "nyc": "11.9.0",
        "parted": "^0.1.1",
        "promise": "^8.0.3",
        "resumer": "0.0.0",
        "rollup": "^0.63.4",
        "rollup-plugin-babel": "^3.0.7",
        "string-to-arraybuffer": "^1.0.2",
        "teeny-request": "3.7.0"
      },
      "engines": {
        "node": "4.x || >=6.0.0"
      },
      "peerDependencies": {
        "encoding": "^0.1.0"
      },
      "peerDependenciesMeta": {
        "encoding": {
          "optional": true
        }
      }
    },
    "../../node_modules/.pnpm/nyc@14.1.1/node_modules/nyc": {
      "version": "14.1.1",
      "dev": true,
      "license": "ISC",
      "dependencies": {
        "archy": "^1.0.0",
        "caching-transform": "^3.0.2",
        "convert-source-map": "^1.6.0",
        "cp-file": "^6.2.0",
        "find-cache-dir": "^2.1.0",
        "find-up": "^3.0.0",
        "foreground-child": "^1.5.6",
        "glob": "^7.1.3",
        "istanbul-lib-coverage": "^2.0.5",
        "istanbul-lib-hook": "^2.0.7",
        "istanbul-lib-instrument": "^3.3.0",
        "istanbul-lib-report": "^2.0.8",
        "istanbul-lib-source-maps": "^3.0.6",
        "istanbul-reports": "^2.2.4",
        "js-yaml": "^3.13.1",
        "make-dir": "^2.1.0",
        "merge-source-map": "^1.1.0",
        "resolve-from": "^4.0.0",
        "rimraf": "^2.6.3",
        "signal-exit": "^3.0.2",
        "spawn-wrap": "^1.4.2",
        "test-exclude": "^5.2.3",
        "uuid": "^3.3.2",
        "yargs": "^13.2.2",
        "yargs-parser": "^13.0.0"
      },
      "bin": {
        "nyc": "bin/nyc.js"
      },
      "devDependencies": {
        "any-path": "^1.3.0",
        "chai": "^4.2.0",
        "coveralls": "^3.0.3",
        "cross-env": "^5.2.0",
        "is-windows": "^1.0.2",
        "lodash": "^4.17.11",
        "newline-regex": "^0.2.1",
        "pify": "^4.0.1",
        "requirejs": "^2.3.6",
        "sanitize-filename": "^1.6.1",
        "source-map-support": "^0.5.12",
        "standard": "^12.0.1",
        "standard-version": "^5.0.2",
        "strip-indent": "^2.0.0",
        "tap": "^12.6.5",
        "which": "^1.3.1",
        "zero-fill": "^2.2.3"
      },
      "engines": {
        "node": ">=6"
      }
    },
    "../../node_modules/.pnpm/path-match@1.2.4/node_modules/path-match": {
      "version": "1.2.4",
      "license": "MIT",
      "dependencies": {
        "http-errors": "~1.4.0",
        "path-to-regexp": "^1.0.0"
      },
      "devDependencies": {
        "istanbul": "^0.4.2",
        "mocha": "^2.0.0"
      }
    },
    "../../node_modules/.pnpm/pkg@4.3.7/node_modules/pkg": {
      "version": "4.3.7",
      "dev": true,
      "license": "MIT",
      "dependencies": {
        "@babel/parser": "7.2.3",
        "babel-runtime": "6.26.0",
        "chalk": "2.4.2",
        "escodegen": "1.11.0",
        "fs-extra": "7.0.1",
        "globby": "8.0.2",
        "into-stream": "4.0.0",
        "minimist": "1.2.0",
        "multistream": "2.1.1",
        "pkg-fetch": "2.5.7",
        "progress": "2.0.3",
        "resolve": "1.6.0",
        "stream-meter": "1.0.4"
      },
      "bin": {
        "pkg": "lib-es5/bin.js"
      },
      "devDependencies": {
        "babel-cli": "6.26.0",
        "babel-eslint": "10.0.1",
        "babel-plugin-transform-async-to-generator": "6.24.1",
        "babel-plugin-transform-runtime": "6.23.0",
        "babel-preset-env": "1.7.0",
        "babel-register": "6.26.0",
        "eslint-config-klopov": "0.13.0",
        "json-stable-stringify": "1.0.1",
        "mkdirp": "0.5.1",
        "rimraf": "2.6.3"
      }
    },
    "../../node_modules/.pnpm/pre-commit@1.2.2/node_modules/pre-commit": {
      "version": "1.2.2",
      "dev": true,
      "hasInstallScript": true,
      "license": "MIT",
      "dependencies": {
        "cross-spawn": "^5.0.1",
        "spawn-sync": "^1.0.15",
        "which": "1.2.x"
      },
      "devDependencies": {
        "assume": "1.4.x",
        "istanbul": "0.4.x",
        "mocha": "~3.2.0",
        "pre-commit": "git://github.com/observing/pre-commit.git"
      }
    },
    "../../node_modules/.pnpm/prettier@1.15.3/node_modules/prettier": {
      "version": "1.15.3",
      "dev": true,
      "license": "MIT",
      "bin": {
        "prettier": "bin-prettier.js"
      },
      "engines": {
        "node": ">=4"
      }
    },
    "../../node_modules/.pnpm/promisepipe@3.0.0/node_modules/promisepipe": {
      "version": "3.0.0",
      "license": "MIT",
      "devDependencies": {
        "mocha": "^3.2.0",
        "mz": "^2.6.0"
      }
    },
    "../../node_modules/.pnpm/rimraf@2.6.3/node_modules/rimraf": {
      "version": "2.6.3",
      "dev": true,
      "license": "ISC",
      "dependencies": {
        "glob": "^7.1.3"
      },
      "bin": {
        "rimraf": "bin.js"
      },
      "devDependencies": {
        "mkdirp": "^0.5.1",
        "tap": "^12.1.1"
      }
    },
    "../../node_modules/.pnpm/semver@7.5.4/node_modules/semver": {
      "version": "7.5.4",
      "license": "ISC",
      "dependencies": {
        "lru-cache": "^6.0.0"
      },
      "bin": {
        "semver": "bin/semver.js"
      },
      "devDependencies": {
        "@npmcli/eslint-config": "^4.0.0",
        "@npmcli/template-oss": "4.17.0",
        "tap": "^16.0.0"
      },
      "engines": {
        "node": ">=10"
      }
    },
    "../../node_modules/.pnpm/source-map-support@0.5.10/node_modules/source-map-support": {
      "version": "0.5.10",
      "dev": true,
      "license": "MIT",
      "dependencies": {
        "buffer-from": "^1.0.0",
        "source-map": "^0.6.0"
      },
      "devDependencies": {
        "browserify": "^3.46.1",
        "coffeescript": "^1.12.7",
        "http-server": "^0.8.5",
        "mocha": "^1.21.5",
        "webpack": "^1.15.0"
      }
    },
    "../../node_modules/.pnpm/stat-mode@0.3.0/node_modules/stat-mode": {
      "version": "0.3.0",
      "license": "MIT",
      "devDependencies": {
        "mocha": "^3.0.2"
      }
    },
    "../../node_modules/.pnpm/stream-to-promise@2.2.0/node_modules/stream-to-promise": {
      "version": "2.2.0",
      "license": "MIT",
      "dependencies": {
        "any-promise": "~1.3.0",
        "end-of-stream": "~1.1.0",
        "stream-to-array": "~2.3.0"
      },
      "devDependencies": {
        "bluebird": "~3.4.1",
        "chai": "^3.4.1",
        "chai-as-promised": "^5.1.0",
        "delayed-stream": "^1.0.0",
        "mocha": "^2.3.4",
        "rimraf": "^2.4.4",
        "standard": "^7.1.2"
      }
    },
    "../../node_modules/.pnpm/tar@4.4.18/node_modules/tar": {
      "version": "4.4.18",
      "license": "ISC",
      "dependencies": {
        "chownr": "^1.1.4",
        "fs-minipass": "^1.2.7",
        "minipass": "^2.9.0",
        "minizlib": "^1.3.3",
        "mkdirp": "^0.5.5",
        "safe-buffer": "^5.2.1",
        "yallist": "^3.1.1"
      },
      "devDependencies": {
        "chmodr": "^1.2.0",
        "end-of-stream": "^1.4.4",
        "events-to-array": "^1.1.2",
        "mutate-fs": "^2.1.1",
        "require-inject": "^1.4.4",
        "rimraf": "^2.7.1",
        "tap": "^14.11.0",
        "tar-fs": "^1.16.3",
        "tar-stream": "^1.6.2"
      },
      "engines": {
        "node": ">=4.5"
      }
    },
    "../../node_modules/.pnpm/tree-kill@1.2.2/node_modules/tree-kill": {
      "version": "1.2.2",
      "license": "MIT",
      "bin": {
        "tree-kill": "cli.js"
      },
      "devDependencies": {
        "mocha": "^2.2.5"
      }
    },
    "../../node_modules/.pnpm/ts-jest@27.0.7_@babel+core@7.25.2_@types+jest@27.0.2_babel-jest@27.5.1_@babel+core@7.25.2__je_v6civotswk4z4uppmldoaivagm/node_modules/ts-jest": {
      "version": "27.0.7",
      "dev": true,
      "license": "MIT",
      "dependencies": {
        "bs-logger": "0.x",
        "fast-json-stable-stringify": "2.x",
        "jest-util": "^27.0.0",
        "json5": "2.x",
        "lodash.memoize": "4.x",
        "make-error": "1.x",
        "semver": "7.x",
        "yargs-parser": "20.x"
      },
      "bin": {
        "ts-jest": "cli.js"
      },
      "devDependencies": {
        "@commitlint/cli": "13.x",
        "@commitlint/config-angular": "^13.1.0",
        "@jest/transform": "^27.1.1",
        "@jest/types": "^27.1.1",
        "@types/babel__core": "7.x",
        "@types/cross-spawn": "latest",
        "@types/fs-extra": "latest",
        "@types/jest": "latest",
        "@types/js-yaml": "latest",
        "@types/lodash.camelcase": "4.x",
        "@types/lodash.memoize": "4.x",
        "@types/lodash.set": "4.x",
        "@types/micromatch": "4.x",
        "@types/node": "16.11.0",
        "@types/node-fetch": "^3.0.3",
        "@types/react": "17.x",
        "@types/semver": "latest",
        "@types/yargs": "latest",
        "@types/yargs-parser": "20.x",
        "@typescript-eslint/eslint-plugin": "4.x",
        "@typescript-eslint/parser": "4.x",
        "conventional-changelog-cli": "2.x",
        "cross-spawn": "latest",
        "eslint": "7.x",
        "eslint-config-prettier": "latest",
        "eslint-plugin-import": "latest",
        "eslint-plugin-jest": "latest",
        "eslint-plugin-jsdoc": "latest",
        "eslint-plugin-prefer-arrow": "latest",
        "eslint-plugin-prettier": "latest",
        "execa": "latest",
        "fs-extra": "10.x",
        "glob": "^7.1.7",
        "glob-gitignore": "latest",
        "husky": "4.x",
        "jest": "^27.1.1",
        "js-yaml": "latest",
        "json-schema-to-typescript": "^10.1.4",
        "lint-staged": "latest",
        "lodash.camelcase": "^4.3.0",
        "lodash.set": "^4.3.2",
        "node-fetch": "^3.0.0",
        "npm-run-all": "latest",
        "prettier": "^2.4.0",
        "source-map": "latest",
        "typescript": "~4.2.4"
      },
      "engines": {
        "node": "^10.13.0 || ^12.13.0 || ^14.15.0 || >=15.0.0"
      },
      "peerDependencies": {
        "@babel/core": ">=7.0.0-beta.0 <8",
        "@types/jest": "^27.0.0",
        "babel-jest": ">=27.0.0 <28",
        "jest": "^27.0.0",
        "typescript": ">=3.8 <5.0"
      },
      "peerDependenciesMeta": {
        "@babel/core": {
          "optional": true
        },
        "@types/jest": {
          "optional": true
        },
        "babel-jest": {
          "optional": true
        }
      }
    },
    "../../node_modules/.pnpm/typescript@4.4.4/node_modules/typescript": {
      "version": "4.4.4",
      "dev": true,
      "license": "Apache-2.0",
      "bin": {
        "tsc": "bin/tsc",
        "tsserver": "bin/tsserver"
      },
      "devDependencies": {
        "@octokit/rest": "latest",
        "@types/browserify": "latest",
        "@types/chai": "latest",
        "@types/convert-source-map": "latest",
        "@types/glob": "latest",
        "@types/gulp": "^4.0.5",
        "@types/gulp-concat": "latest",
        "@types/gulp-newer": "latest",
        "@types/gulp-rename": "0.0.33",
        "@types/gulp-sourcemaps": "0.0.32",
        "@types/jake": "latest",
        "@types/merge2": "latest",
        "@types/microsoft__typescript-etw": "latest",
        "@types/minimatch": "latest",
        "@types/minimist": "latest",
        "@types/mkdirp": "latest",
        "@types/mocha": "latest",
        "@types/ms": "latest",
        "@types/node": "latest",
        "@types/node-fetch": "^2.3.4",
        "@types/q": "latest",
        "@types/source-map-support": "latest",
        "@types/through2": "latest",
        "@types/xml2js": "^0.4.0",
        "@typescript-eslint/eslint-plugin": "^4.28.0",
        "@typescript-eslint/experimental-utils": "^4.28.0",
        "@typescript-eslint/parser": "^4.28.0",
        "async": "latest",
        "azure-devops-node-api": "^10.1.0",
        "browser-resolve": "^1.11.2",
        "browserify": "latest",
        "chai": "latest",
        "chalk": "latest",
        "convert-source-map": "latest",
        "del": "5.1.0",
        "diff": "^4.0.2",
        "eslint": "7.12.1",
        "eslint-formatter-autolinkable-stylish": "1.1.4",
        "eslint-plugin-import": "2.22.1",
        "eslint-plugin-jsdoc": "30.7.6",
        "eslint-plugin-no-null": "1.0.2",
        "fancy-log": "latest",
        "fs-extra": "^9.0.0",
        "glob": "latest",
        "gulp": "^4.0.0",
        "gulp-concat": "latest",
        "gulp-insert": "latest",
        "gulp-newer": "latest",
        "gulp-rename": "latest",
        "gulp-sourcemaps": "latest",
        "istanbul": "latest",
        "merge2": "latest",
        "minimist": "latest",
        "mkdirp": "latest",
        "mocha": "latest",
        "mocha-fivemat-progress-reporter": "latest",
        "ms": "latest",
        "node-fetch": "^2.6.0",
        "plugin-error": "latest",
        "pretty-hrtime": "^1.0.3",
        "prex": "^0.4.3",
        "q": "latest",
        "remove-internal": "^2.9.2",
        "source-map-support": "latest",
        "through2": "latest",
        "typescript": "^4.2.3",
        "vinyl": "latest",
        "vinyl-sourcemaps-apply": "latest",
        "xml2js": "^0.4.19"
      },
      "engines": {
        "node": ">=4.2.0"
      }
    },
    "../../node_modules/.pnpm/uid-promise@1.0.0/node_modules/uid-promise": {
      "version": "1.0.0",
      "license": "MIT",
      "devDependencies": {
        "ava": "0.19.1",
        "xo": "0.17.0"
      }
    },
    "../../node_modules/.pnpm/xdg-app-paths@5.1.0/node_modules/xdg-app-paths": {
      "version": "5.1.0",
      "license": "MIT",
      "dependencies": {
        "xdg-portable": "^7.0.0"
      },
      "devDependencies": {
        "ava": "^1.4.1",
        "codecov": "^3.5.0",
        "coveralls": "^3.0.5",
        "eslint": "^6.1.0",
        "lodash": "^4.17.11",
        "nyc": "^14.1.1",
        "tsd": "^0.7.1",
        "util": "^0.12.1",
        "xo": "^0.24.0"
      },
      "engines": {
        "node": ">=6"
      }
    },
    "../../node_modules/.pnpm/yauzl-promise@2.1.3/node_modules/yauzl-promise": {
      "version": "2.1.3",
      "license": "MIT",
      "dependencies": {
        "yauzl": "^2.9.1",
        "yauzl-clone": "^1.0.4"
      },
      "devDependencies": {
        "bluebird": "^3.5.1",
        "chai": "^4.1.2",
        "chai-as-promised": "^7.1.1",
        "coveralls": "^3.0.1",
        "cross-env": "^5.1.6",
        "fd-slicer": "^1.0.1",
        "istanbul": "^0.4.5",
        "jshint": "^2.9.5",
        "mocha": "^5.2.0"
      },
      "engines": {
        "node": ">=6"
      }
    },
    "node_modules/@tootallnate/once": {
      "resolved": "../../node_modules/.pnpm/@tootallnate+once@2.0.0/node_modules/@tootallnate/once",
      "link": true
    },
    "node_modules/@types/debug": {
      "resolved": "../../node_modules/.pnpm/@types+debug@4.1.9/node_modules/@types/debug",
      "link": true
    },
    "node_modules/@types/fs-extra": {
      "resolved": "../../node_modules/.pnpm/@types+fs-extra@8.1.0/node_modules/@types/fs-extra",
      "link": true
    },
    "node_modules/@types/generic-pool": {
      "resolved": "../../node_modules/.pnpm/@types+generic-pool@3.1.9/node_modules/@types/generic-pool",
      "link": true
    },
    "node_modules/@types/jest": {
      "resolved": "../../node_modules/.pnpm/@types+jest@27.0.2/node_modules/@types/jest",
      "link": true
    },
    "node_modules/@types/micro": {
      "resolved": "../../node_modules/.pnpm/@types+micro@7.3.6/node_modules/@types/micro",
      "link": true
    },
    "node_modules/@types/node": {
      "resolved": "../../node_modules/.pnpm/@types+node@10.12.29/node_modules/@types/node",
      "link": true
    },
    "node_modules/@types/node-fetch": {
      "resolved": "../../node_modules/.pnpm/@types+node-fetch@2.5.0/node_modules/@types/node-fetch",
      "link": true
    },
    "node_modules/@types/tar": {
      "resolved": "../../node_modules/.pnpm/@types+tar@4.0.0/node_modules/@types/tar",
      "link": true
    },
    "node_modules/@types/yauzl-promise": {
      "resolved": "../../node_modules/.pnpm/@types+yauzl-promise@2.1.0/node_modules/@types/yauzl-promise",
      "link": true
    },
    "node_modules/async-listen": {
      "resolved": "../../node_modules/.pnpm/async-listen@1.2.0/node_modules/async-listen",
      "link": true
    },
    "node_modules/codecov": {
      "resolved": "../../node_modules/.pnpm/codecov@3.7.1_encoding@0.1.13/node_modules/codecov",
      "link": true
    },
    "node_modules/cpy-cli": {
      "resolved": "../../node_modules/.pnpm/cpy-cli@2.0.0/node_modules/cpy-cli",
      "link": true
    },
    "node_modules/debug": {
      "resolved": "../../node_modules/.pnpm/debug@4.3.4/node_modules/debug",
      "link": true
    },
    "node_modules/execa": {
      "resolved": "../../node_modules/.pnpm/execa@3.2.0/node_modules/execa",
      "link": true
    },
    "node_modules/fs-extra": {
      "resolved": "../../node_modules/.pnpm/fs-extra@8.1.0/node_modules/fs-extra",
      "link": true
    },
    "node_modules/generic-pool": {
      "resolved": "../../node_modules/.pnpm/generic-pool@3.4.2/node_modules/generic-pool",
      "link": true
    },
    "node_modules/jest": {
      "resolved": "../../node_modules/.pnpm/jest@27.3.1_ts-node@10.9.2_@types+node@10.12.29_typescript@4.4.4_/node_modules/jest",
      "link": true
    },
    "node_modules/lint-staged": {
      "resolved": "../../node_modules/.pnpm/lint-staged@9.2.5/node_modules/lint-staged",
      "link": true
    },
    "node_modules/micro": {
      "resolved": "../../node_modules/.pnpm/micro@9.3.5-canary.3/node_modules/micro",
      "link": true
    },
    "node_modules/ms": {
      "resolved": "../../node_modules/.pnpm/ms@2.1.1/node_modules/ms",
      "link": true
    },
    "node_modules/node-fetch": {
      "resolved": "../../node_modules/.pnpm/node-fetch@2.6.7_encoding@0.1.13/node_modules/node-fetch",
      "link": true
    },
    "node_modules/nyc": {
      "resolved": "../../node_modules/.pnpm/nyc@14.1.1/node_modules/nyc",
      "link": true
    },
    "node_modules/path-match": {
      "resolved": "../../node_modules/.pnpm/path-match@1.2.4/node_modules/path-match",
      "link": true
    },
    "node_modules/pkg": {
      "resolved": "../../node_modules/.pnpm/pkg@4.3.7/node_modules/pkg",
      "link": true
    },
    "node_modules/pre-commit": {
      "resolved": "../../node_modules/.pnpm/pre-commit@1.2.2/node_modules/pre-commit",
      "link": true
    },
    "node_modules/prettier": {
      "resolved": "../../node_modules/.pnpm/prettier@1.15.3/node_modules/prettier",
      "link": true
    },
    "node_modules/promisepipe": {
      "resolved": "../../node_modules/.pnpm/promisepipe@3.0.0/node_modules/promisepipe",
      "link": true
    },
    "node_modules/rimraf": {
      "resolved": "../../node_modules/.pnpm/rimraf@2.6.3/node_modules/rimraf",
      "link": true
    },
    "node_modules/semver": {
      "resolved": "../../node_modules/.pnpm/semver@7.5.4/node_modules/semver",
      "link": true
    },
    "node_modules/source-map-support": {
      "resolved": "../../node_modules/.pnpm/source-map-support@0.5.10/node_modules/source-map-support",
      "link": true
    },
    "node_modules/stat-mode": {
      "resolved": "../../node_modules/.pnpm/stat-mode@0.3.0/node_modules/stat-mode",
      "link": true
    },
    "node_modules/stream-to-promise": {
      "resolved": "../../node_modules/.pnpm/stream-to-promise@2.2.0/node_modules/stream-to-promise",
      "link": true
    },
    "node_modules/tar": {
      "resolved": "../../node_modules/.pnpm/tar@4.4.18/node_modules/tar",
      "link": true
    },
    "node_modules/tree-kill": {
      "resolved": "../../node_modules/.pnpm/tree-kill@1.2.2/node_modules/tree-kill",
      "link": true
    },
    "node_modules/ts-jest": {
      "resolved": "../../node_modules/.pnpm/ts-jest@27.0.7_@babel+core@7.25.2_@types+jest@27.0.2_babel-jest@27.5.1_@babel+core@7.25.2__je_v6civotswk4z4uppmldoaivagm/node_modules/ts-jest",
      "link": true
    },
    "node_modules/typescript": {
      "resolved": "../../node_modules/.pnpm/typescript@4.4.4/node_modules/typescript",
      "link": true
    },
    "node_modules/uid-promise": {
      "resolved": "../../node_modules/.pnpm/uid-promise@1.0.0/node_modules/uid-promise",
      "link": true
    },
    "node_modules/xdg-app-paths": {
      "resolved": "../../node_modules/.pnpm/xdg-app-paths@5.1.0/node_modules/xdg-app-paths",
      "link": true
    },
    "node_modules/yauzl-promise": {
      "resolved": "../../node_modules/.pnpm/yauzl-promise@2.1.3/node_modules/yauzl-promise",
      "link": true
    }
  }
}
