{
  "name": "@chat-query/knex-schema-inspector",
  "version": "3.1.0",
  "lockfileVersion": 3,
  "requires": true,
  "packages": {
    "": {
      "name": "@chat-query/knex-schema-inspector",
      "version": "3.1.0",
      "license": "MIT",
      "dependencies": {
        "@types/lodash": "^4.14.168",
        "lodash": "^4.17.21"
      },
      "devDependencies": {
        "@types/chai": "^4.3.3",
        "@types/mocha": "^10.0.0",
        "@types/node": "^18.11.2",
        "better-sqlite3": "^8.6.0",
        "chai": "^4.3.6",
        "husky": "^8.0.1",
        "knex": "^2.3.0",
        "lint-staged": "^13.0.3",
        "mocha": "^10.1.0",
        "mysql": "^2.18.1",
        "oracledb": "^6.6.0",
        "pg": "^8.8.0",
        "prettier": "^2.7.1",
        "sqlite3": "^5.1.2",
        "tedious": "^15.1.0",
        "ts-mocha": "^10.0.0",
        "typescript": "^4.8.4"
      }
    },
    "../../node_modules/.pnpm/@types+chai@4.3.20/node_modules/@types/chai": {
      "version": "4.3.20",
      "dev": true,
      "license": "MIT"
    },
    "../../node_modules/.pnpm/@types+lodash.flatten@4.4.9/node_modules/@types/lodash.flatten": {
      "version": "4.4.9",
      "extraneous": true,
      "license": "MIT",
      "dependencies": {
        "@types/lodash": "*"
      }
    },
    "../../node_modules/.pnpm/@types+lodash.isnil@4.0.9/node_modules/@types/lodash.isnil": {
      "version": "4.0.9",
      "extraneous": true,
      "license": "MIT",
      "dependencies": {
        "@types/lodash": "*"
      }
    },
    "../../node_modules/.pnpm/@types+mocha@10.0.8/node_modules/@types/mocha": {
      "version": "10.0.8",
      "dev": true,
      "license": "MIT"
    },
    "../../node_modules/.pnpm/@types+node@18.16.12/node_modules/@types/node": {
      "version": "18.16.12",
      "dev": true,
      "license": "MIT"
    },
    "../../node_modules/.pnpm/better-sqlite3@8.7.0/node_modules/better-sqlite3": {
      "version": "8.7.0",
      "dev": true,
      "hasInstallScript": true,
      "license": "MIT",
      "dependencies": {
        "bindings": "^1.5.0",
        "prebuild-install": "^7.1.1"
      },
      "devDependencies": {
        "chai": "^4.3.8",
        "cli-color": "^2.0.3",
        "fs-extra": "^11.1.1",
        "mocha": "^10.2.0",
        "node-gyp": "9.4.0",
        "nodemark": "^0.3.0",
        "prebuild": "^11.0.4",
        "sqlite": "^5.0.1",
        "sqlite3": "^5.1.6"
      }
    },
    "../../node_modules/.pnpm/chai@4.5.0/node_modules/chai": {
      "version": "4.5.0",
      "dev": true,
      "license": "MIT",
      "dependencies": {
        "assertion-error": "^1.1.0",
        "check-error": "^1.0.3",
        "deep-eql": "^4.1.3",
        "get-func-name": "^2.0.2",
        "loupe": "^2.3.6",
        "pathval": "^1.1.1",
        "type-detect": "^4.1.0"
      },
      "devDependencies": {
        "browserify": "^16.5.2",
        "bump-cli": "^2.7.1",
        "codecov": "^3.8.3",
        "istanbul": "^0.4.5",
        "karma": "^6.4.2",
        "karma-chrome-launcher": "^2.2.0",
        "karma-firefox-launcher": "^1.3.0",
        "karma-mocha": "^2.0.1",
        "karma-sauce-launcher": "^4.1.4",
        "mocha": "^10.2.0"
      },
      "engines": {
        "node": ">=4"
      }
    },
    "../../node_modules/.pnpm/husky@8.0.3/node_modules/husky": {
      "version": "8.0.3",
      "dev": true,
      "license": "MIT",
      "bin": {
        "husky": "lib/bin.js"
      },
      "devDependencies": {
        "@commitlint/cli": "^17.3.0",
        "@commitlint/config-conventional": "^17.3.0",
        "@tsconfig/node14": "^1.0.3",
        "@types/node": "^18.11.18",
        "@typicode/eslint-config": "^1.1.0",
        "docsify-cli": "^4.4.4",
        "typescript": "^4.9.4"
      },
      "engines": {
        "node": ">=14"
      },
      "funding": {
        "url": "https://github.com/sponsors/typicode"
      }
    },
    "../../node_modules/.pnpm/knex@2.5.1_better-sqlite3@8.7.0_mysql2@3.11.3_mysql@2.18.1_pg@8.13.0_sqlite3@5.1.7_tedious@15.1.3/node_modules/knex": {
      "version": "2.5.1",
      "dev": true,
      "license": "MIT",
      "dependencies": {
        "colorette": "2.0.19",
        "commander": "^10.0.0",
        "debug": "4.3.4",
        "escalade": "^3.1.1",
        "esm": "^3.2.25",
        "get-package-type": "^0.1.0",
        "getopts": "2.3.0",
        "interpret": "^2.2.0",
        "lodash": "^4.17.21",
        "pg-connection-string": "2.6.1",
        "rechoir": "^0.8.0",
        "resolve-from": "^5.0.0",
        "tarn": "^3.0.2",
        "tildify": "2.0.0"
      },
      "bin": {
        "knex": "bin/cli.js"
      },
      "devDependencies": {
        "@tsconfig/recommended": "^1.0.1",
        "@types/node": "^20.4.0",
        "better-sqlite3": "^7.6.2",
        "chai": "^4.3.6",
        "chai-as-promised": "^7.1.1",
        "chai-subset-in-order": "^3.1.0",
        "cli-testlab": "^2.2.0",
        "coveralls": "^3.1.1",
        "cross-env": "^7.0.3",
        "dtslint": "4.2.1",
        "eslint": "^8.32.0",
        "eslint-config-prettier": "^8.6.0",
        "eslint-plugin-import": "^2.26.0",
        "eslint-plugin-mocha-no-only": "^1.1.1",
        "eslint-plugin-prettier": "^4.2.1",
        "husky": "^8.0.1",
        "jake": "^10.8.5",
        "JSONStream": "^1.3.5",
        "lint-staged": "^13.0.0",
        "mocha": "^10.0.0",
        "mock-fs": "^5.1.4",
        "mysql": "^2.18.1",
        "mysql2": "^3.2.0",
        "nyc": "^15.1.0",
        "oracledb": "^5.4.0",
        "pg": "^8.8.0",
        "pg-query-stream": "^4.2.4",
        "prettier": "2.8.7",
        "rimraf": "^3.0.2",
        "sinon": "^15.0.1",
        "sinon-chai": "^3.7.0",
        "source-map-support": "^0.5.21",
        "sqlite3": "^5.0.11",
        "tap-spec": "^5.0.0",
        "tape": "^5.6.0",
        "tedious": "^14.4.0",
        "toxiproxy-node-client": "^2.0.6",
        "ts-node": "^10.9.1",
        "tsd": "^0.28.1",
        "typescript": "5.0.4"
      },
      "engines": {
        "node": ">=12"
      },
      "peerDependenciesMeta": {
        "better-sqlite3": {
          "optional": true
        },
        "mysql": {
          "optional": true
        },
        "mysql2": {
          "optional": true
        },
        "pg": {
          "optional": true
        },
        "pg-native": {
          "optional": true
        },
        "sqlite3": {
          "optional": true
        },
        "tedious": {
          "optional": true
        }
      }
    },
    "../../node_modules/.pnpm/lint-staged@13.3.0_enquirer@2.4.1/node_modules/lint-staged": {
      "version": "13.3.0",
      "dev": true,
      "license": "MIT",
      "dependencies": {
        "chalk": "5.3.0",
        "commander": "11.0.0",
        "debug": "4.3.4",
        "execa": "7.2.0",
        "lilconfig": "2.1.0",
        "listr2": "6.6.1",
        "micromatch": "4.0.5",
        "pidtree": "0.6.0",
        "string-argv": "0.3.2",
        "yaml": "2.3.1"
      },
      "bin": {
        "lint-staged": "bin/lint-staged.js"
      },
      "devDependencies": {
        "@babel/core": "7.22.10",
        "@babel/eslint-parser": "7.22.10",
        "@babel/preset-env": "7.22.10",
        "babel-jest": "29.6.2",
        "babel-plugin-transform-imports": "2.0.0",
        "consolemock": "1.1.0",
        "eslint": "8.46.0",
        "eslint-config-prettier": "9.0.0",
        "eslint-plugin-import": "2.28.0",
        "eslint-plugin-node": "11.1.0",
        "eslint-plugin-prettier": "5.0.0",
        "husky": "8.0.3",
        "jest": "29.6.2",
        "jest-snapshot-serializer-ansi": "2.1.0",
        "prettier": "3.0.1"
      },
      "engines": {
        "node": "^16.14.0 || >=18.0.0"
      },
      "funding": {
        "url": "https://opencollective.com/lint-staged"
      }
    },
    "../../node_modules/.pnpm/lodash.flatten@4.4.0/node_modules/lodash.flatten": {
      "version": "4.4.0",
      "extraneous": true,
      "license": "MIT"
    },
    "../../node_modules/.pnpm/lodash.isnil@4.0.0/node_modules/lodash.isnil": {
      "version": "4.0.0",
      "extraneous": true,
      "license": "MIT"
    },
    "../../node_modules/.pnpm/mocha@10.7.3/node_modules/mocha": {
      "version": "10.7.3",
      "dev": true,
      "license": "MIT",
      "dependencies": {
        "ansi-colors": "^4.1.3",
        "browser-stdout": "^1.3.1",
        "chokidar": "^3.5.3",
        "debug": "^4.3.5",
        "diff": "^5.2.0",
        "escape-string-regexp": "^4.0.0",
        "find-up": "^5.0.0",
        "glob": "^8.1.0",
        "he": "^1.2.0",
        "js-yaml": "^4.1.0",
        "log-symbols": "^4.1.0",
        "minimatch": "^5.1.6",
        "ms": "^2.1.3",
        "serialize-javascript": "^6.0.2",
        "strip-json-comments": "^3.1.1",
        "supports-color": "^8.1.1",
        "workerpool": "^6.5.1",
        "yargs": "^16.2.0",
        "yargs-parser": "^20.2.9",
        "yargs-unparser": "^2.0.0"
      },
      "bin": {
        "_mocha": "bin/_mocha",
        "mocha": "bin/mocha.js"
      },
      "devDependencies": {
        "@11ty/eleventy": "^1.0.0",
        "@11ty/eleventy-plugin-inclusive-language": "^1.0.3",
        "@eslint/js": "^8.56.0",
        "@mocha/docdash": "^4.0.1",
        "@rollup/plugin-commonjs": "^21.0.2",
        "@rollup/plugin-json": "^4.1.0",
        "@rollup/plugin-multi-entry": "^4.0.1",
        "@rollup/plugin-node-resolve": "^13.1.3",
        "chai": "^4.3.4",
        "coffeescript": "^2.6.1",
        "cross-env": "^7.0.2",
        "eslint": "^8.56.0",
        "fail-on-errors-webpack-plugin": "^3.0.0",
        "fs-extra": "^10.0.0",
        "globals": "^13.24.0",
        "jsdoc": "^3.6.7",
        "jsdoc-ts-utils": "^2.0.1",
        "karma": "^6.4.2",
        "karma-chrome-launcher": "^3.2.0",
        "karma-mocha": "^2.0.1",
        "karma-mocha-reporter": "^2.2.5",
        "karma-sauce-launcher": "^4.3.6",
        "knip": "^5.27.0",
        "markdown-it": "^12.3.2",
        "markdown-it-anchor": "^8.4.1",
        "markdown-it-attrs": "^4.1.3",
        "markdown-it-emoji": "^2.0.0",
        "markdown-it-prism": "^2.2.2",
        "markdown-toc": "^1.2.0",
        "markdownlint-cli": "^0.30.0",
        "needle": "^2.5.0",
        "npm-run-all2": "^6.2.0",
        "nyc": "^15.1.0",
        "pidtree": "^0.5.0",
        "prettier": "^2.4.1",
        "remark": "^14.0.2",
        "remark-github": "^11.2.2",
        "remark-inline-links": "^6.0.1",
        "rewiremock": "^3.14.3",
        "rimraf": "^3.0.2",
        "rollup": "^2.70.1",
        "rollup-plugin-node-globals": "^1.4.0",
        "rollup-plugin-polyfill-node": "^0.8.0",
        "rollup-plugin-visualizer": "^5.6.0",
        "sinon": "^9.0.3",
        "strip-ansi": "^6.0.0",
        "unexpected": "^11.14.0",
        "unexpected-eventemitter": "^2.2.0",
        "unexpected-map": "^2.0.0",
        "unexpected-set": "^3.0.0",
        "unexpected-sinon": "^10.11.2",
        "uslug": "^1.0.4",
        "webpack": "^5.67.0",
        "webpack-cli": "^4.9.1"
      },
      "engines": {
        "node": ">= 14.0.0"
      }
    },
    "../../node_modules/.pnpm/mysql@2.18.1/node_modules/mysql": {
      "version": "2.18.1",
      "dev": true,
      "license": "MIT",
      "dependencies": {
        "bignumber.js": "9.0.0",
        "readable-stream": "2.3.7",
        "safe-buffer": "5.1.2",
        "sqlstring": "2.3.1"
      },
      "devDependencies": {
        "after": "0.8.2",
        "eslint": "5.16.0",
        "seedrandom": "3.0.5",
        "timezone-mock": "0.0.7",
        "urun": "0.0.8",
        "utest": "0.0.8"
      },
      "engines": {
        "node": ">= 0.6"
      }
    },
    "../../node_modules/.pnpm/oracledb@6.6.0/node_modules/oracledb": {
      "version": "6.6.0",
      "dev": true,
      "hasInstallScript": true,
      "license": "(Apache-2.0 OR UPL-1.0)",
      "engines": {
        "node": ">=14.6"
      }
    },
    "../../node_modules/.pnpm/pg@8.13.0/node_modules/pg": {
      "version": "8.13.0",
      "dev": true,
      "license": "MIT",
      "dependencies": {
        "pg-connection-string": "^2.7.0",
        "pg-pool": "^3.7.0",
        "pg-protocol": "^1.7.0",
        "pg-types": "^2.1.0",
        "pgpass": "1.x"
      },
      "devDependencies": {
        "@cloudflare/workers-types": "^4.20230404.0",
        "async": "2.6.4",
        "bluebird": "3.7.2",
        "co": "4.6.0",
        "pg-copy-streams": "0.3.0",
        "typescript": "^4.0.3",
        "workerd": "^1.20230419.0",
        "wrangler": "3.58.0"
      },
      "engines": {
        "node": ">= 8.0.0"
      },
      "optionalDependencies": {
        "pg-cloudflare": "^1.1.1"
      },
      "peerDependencies": {
        "pg-native": ">=3.0.1"
      },
      "peerDependenciesMeta": {
        "pg-native": {
          "optional": true
        }
      }
    },
    "../../node_modules/.pnpm/prettier@2.8.8/node_modules/prettier": {
      "version": "2.8.8",
      "dev": true,
      "license": "MIT",
      "bin": {
        "prettier": "bin-prettier.js"
      },
      "engines": {
        "node": ">=10.13.0"
      },
      "funding": {
        "url": "https://github.com/prettier/prettier?sponsor=1"
      }
    },
    "../../node_modules/.pnpm/sqlite3@5.1.7/node_modules/sqlite3": {
      "version": "5.1.7",
      "dev": true,
      "hasInstallScript": true,
      "license": "BSD-3-Clause",
      "dependencies": {
        "bindings": "^1.5.0",
        "node-addon-api": "^7.0.0",
        "prebuild-install": "^7.1.1",
        "tar": "^6.1.11"
      },
      "devDependencies": {
        "eslint": "8.56.0",
        "mocha": "10.2.0",
        "prebuild": "12.1.0"
      },
      "optionalDependencies": {
        "node-gyp": "8.x"
      },
      "peerDependencies": {
        "node-gyp": "8.x"
      },
      "peerDependenciesMeta": {
        "node-gyp": {
          "optional": true
        }
      }
    },
    "../../node_modules/.pnpm/tedious@15.1.3/node_modules/tedious": {
      "version": "15.1.3",
      "dev": true,
      "license": "MIT",
      "dependencies": {
        "@azure/identity": "^2.0.4",
        "@azure/keyvault-keys": "^4.4.0",
        "@js-joda/core": "^5.2.0",
        "bl": "^5.0.0",
        "es-aggregate-error": "^1.0.8",
        "iconv-lite": "^0.6.3",
        "js-md4": "^0.3.2",
        "jsbi": "^4.3.0",
        "native-duplexpair": "^1.0.0",
        "node-abort-controller": "^3.0.1",
        "punycode": "^2.1.0",
        "sprintf-js": "^1.1.2"
      },
      "devDependencies": {
        "@babel/cli": "^7.17.10",
        "@babel/core": "^7.17.10",
        "@babel/node": "^7.17.10",
        "@babel/plugin-proposal-class-properties": "^7.16.7",
        "@babel/preset-env": "^7.17.10",
        "@babel/preset-typescript": "^7.16.7",
        "@babel/register": "^7.17.7",
        "@commitlint/cli": "^16.2.4",
        "@commitlint/config-conventional": "^16.2.4",
        "@commitlint/travis-cli": "^16.2.4",
        "@types/async": "^3.2.13",
        "@types/bl": "^5.0.2",
        "@types/chai": "^4.3.1",
        "@types/depd": "^1.1.32",
        "@types/es-aggregate-error": "^1.0.2",
        "@types/lru-cache": "^5.1.0",
        "@types/mocha": "^9.1.1",
        "@types/node": "^12.20.50",
        "@types/sprintf-js": "^1.1.2",
        "@typescript-eslint/eslint-plugin": "^5.22.0",
        "@typescript-eslint/parser": "^5.22.0",
        "async": "^3.2.3",
        "babel-plugin-istanbul": "^6.1.1",
        "chai": "^4.3.6",
        "codecov": "^3.8.3",
        "eslint": "^7.32.0",
        "mitm": "^1.7.2",
        "mocha": "^9.2.2",
        "nyc": "^15.1.0",
        "rimraf": "^3.0.2",
        "semantic-release": "^19.0.3",
        "sinon": "^11.1.2",
        "typedoc": "^0.22.15",
        "typescript": "^4.6.4"
      },
      "engines": {
        "node": ">=14"
      }
    },
    "../../node_modules/.pnpm/ts-mocha@10.0.0_mocha@10.7.3/node_modules/ts-mocha": {
      "version": "10.0.0",
      "dev": true,
      "license": "MIT",
      "dependencies": {
        "ts-node": "7.0.1"
      },
      "bin": {
        "ts-mocha": "bin/ts-mocha"
      },
      "devDependencies": {
        "@types/expect": "24.3.0",
        "@types/mocha": "8.0.3",
        "@types/node": "14.14.2",
        "expect": "26.6.1",
        "husky": "4.3.0",
        "mocha": "8.2.0",
        "tslint": "6.1.3",
        "typescript": "3.3.3"
      },
      "engines": {
        "node": ">= 6.X.X"
      },
      "optionalDependencies": {
        "tsconfig-paths": "^3.5.0"
      },
      "peerDependencies": {
        "mocha": "^3.X.X || ^4.X.X || ^5.X.X || ^6.X.X || ^7.X.X || ^8.X.X || ^9.X.X || ^10.X.X"
      }
    },
    "../../node_modules/.pnpm/typescript@4.9.5/node_modules/typescript": {
      "version": "4.9.5",
      "dev": true,
      "license": "Apache-2.0",
      "bin": {
        "tsc": "bin/tsc",
        "tsserver": "bin/tsserver"
      },
      "devDependencies": {
        "@octokit/rest": "latest",
        "@types/chai": "latest",
        "@types/fancy-log": "^2.0.0",
        "@types/fs-extra": "^9.0.13",
        "@types/glob": "latest",
        "@types/gulp": "^4.0.9",
        "@types/gulp-concat": "latest",
        "@types/gulp-newer": "latest",
        "@types/gulp-rename": "latest",
        "@types/gulp-sourcemaps": "latest",
        "@types/merge2": "latest",
        "@types/microsoft__typescript-etw": "latest",
        "@types/minimist": "latest",
        "@types/mkdirp": "latest",
        "@types/mocha": "latest",
        "@types/ms": "latest",
        "@types/node": "latest",
        "@types/source-map-support": "latest",
        "@types/which": "^2.0.1",
        "@types/xml2js": "^0.4.11",
        "@typescript-eslint/eslint-plugin": "^5.33.1",
        "@typescript-eslint/parser": "^5.33.1",
        "@typescript-eslint/utils": "^5.33.1",
        "azure-devops-node-api": "^11.2.0",
        "chai": "latest",
        "chalk": "^4.1.2",
        "del": "^6.1.1",
        "diff": "^5.1.0",
        "eslint": "^8.22.0",
        "eslint-formatter-autolinkable-stylish": "^1.2.0",
        "eslint-plugin-import": "^2.26.0",
        "eslint-plugin-jsdoc": "^39.3.6",
        "eslint-plugin-local": "^1.0.0",
        "eslint-plugin-no-null": "^1.0.2",
        "fancy-log": "latest",
        "fs-extra": "^9.1.0",
        "glob": "latest",
        "gulp": "^4.0.2",
        "gulp-concat": "latest",
        "gulp-insert": "latest",
        "gulp-newer": "latest",
        "gulp-rename": "latest",
        "gulp-sourcemaps": "latest",
        "merge2": "latest",
        "minimist": "latest",
        "mkdirp": "latest",
        "mocha": "latest",
        "mocha-fivemat-progress-reporter": "latest",
        "ms": "^2.1.3",
        "node-fetch": "^3.2.10",
        "source-map-support": "latest",
        "typescript": "^4.8.4",
        "vinyl": "latest",
        "which": "^2.0.2",
        "xml2js": "^0.4.23"
      },
      "engines": {
        "node": ">=4.2.0"
      }
    },
    "node_modules/@types/chai": {
      "resolved": "../../node_modules/.pnpm/@types+chai@4.3.20/node_modules/@types/chai",
      "link": true
    },
    "node_modules/@types/lodash": {
      "version": "4.17.10",
      "resolved": "https://registry.npmjs.org/@types/lodash/-/lodash-4.17.10.tgz",
      "integrity": "sha512-YpS0zzoduEhuOWjAotS6A5AVCva7X4lVlYLF0FYHAY9sdraBfnatttHItlWeZdGhuEkf+OzMNg2ZYAx8t+52uQ==",
      "license": "MIT"
    },
    "node_modules/@types/mocha": {
      "resolved": "../../node_modules/.pnpm/@types+mocha@10.0.8/node_modules/@types/mocha",
      "link": true
    },
    "node_modules/@types/node": {
      "resolved": "../../node_modules/.pnpm/@types+node@18.16.12/node_modules/@types/node",
      "link": true
    },
    "node_modules/better-sqlite3": {
      "resolved": "../../node_modules/.pnpm/better-sqlite3@8.7.0/node_modules/better-sqlite3",
      "link": true
    },
    "node_modules/chai": {
      "resolved": "../../node_modules/.pnpm/chai@4.5.0/node_modules/chai",
      "link": true
    },
    "node_modules/husky": {
      "resolved": "../../node_modules/.pnpm/husky@8.0.3/node_modules/husky",
      "link": true
    },
    "node_modules/knex": {
      "resolved": "../../node_modules/.pnpm/knex@2.5.1_better-sqlite3@8.7.0_mysql2@3.11.3_mysql@2.18.1_pg@8.13.0_sqlite3@5.1.7_tedious@15.1.3/node_modules/knex",
      "link": true
    },
    "node_modules/lint-staged": {
      "resolved": "../../node_modules/.pnpm/lint-staged@13.3.0_enquirer@2.4.1/node_modules/lint-staged",
      "link": true
    },
    "node_modules/lodash": {
      "version": "4.17.21",
      "resolved": "https://registry.npmjs.org/lodash/-/lodash-4.17.21.tgz",
      "integrity": "sha512-v2kDEe57lecTulaDIuNTPy3Ry4gLGJ6Z1O3vE1krgXZNrsQ+LFTGHVxVjcXPs17LhbZVGedAJv8XZ1tvj5FvSg=="
    },
    "node_modules/mocha": {
      "resolved": "../../node_modules/.pnpm/mocha@10.7.3/node_modules/mocha",
      "link": true
    },
    "node_modules/mysql": {
      "resolved": "../../node_modules/.pnpm/mysql@2.18.1/node_modules/mysql",
      "link": true
    },
    "node_modules/oracledb": {
      "resolved": "../../node_modules/.pnpm/oracledb@6.6.0/node_modules/oracledb",
      "link": true
    },
    "node_modules/pg": {
      "resolved": "../../node_modules/.pnpm/pg@8.13.0/node_modules/pg",
      "link": true
    },
    "node_modules/prettier": {
      "resolved": "../../node_modules/.pnpm/prettier@2.8.8/node_modules/prettier",
      "link": true
    },
    "node_modules/sqlite3": {
      "resolved": "../../node_modules/.pnpm/sqlite3@5.1.7/node_modules/sqlite3",
      "link": true
    },
    "node_modules/tedious": {
      "resolved": "../../node_modules/.pnpm/tedious@15.1.3/node_modules/tedious",
      "link": true
    },
    "node_modules/ts-mocha": {
      "resolved": "../../node_modules/.pnpm/ts-mocha@10.0.0_mocha@10.7.3/node_modules/ts-mocha",
      "link": true
    },
    "node_modules/typescript": {
      "resolved": "../../node_modules/.pnpm/typescript@4.9.5/node_modules/typescript",
      "link": true
    }
  }
}
